
Microsoft Visual Studio Solution File, Format Version 12.00
# Visual Studio Version 16
VisualStudioVersion = 16.0.30907.101
MinimumVisualStudioVersion = 10.0.40219.1
Project("{8BC9CEB8-8B4A-11D0-8D11-00A0C91BC942}") = "Лаба 5", "Лаба 5.vcxproj", "{8FD72EF7-CF51-4C86-AD2F-2741BDE639DA}"
EndProject
Global
	GlobalSection(SolutionConfigurationPlatforms) = preSolution
		Debug|x64 = Debug|x64
		Debug|x86 = Debug|x86
		Release|x64 = Release|x64
		Release|x86 = Release|x86
	EndGlobalSection
	GlobalSection(ProjectConfigurationPlatforms) = postSolution
		{8FD72EF7-CF51-4C86-AD2F-2741BDE639DA}.Debug|x64.ActiveCfg = Debug|x64
		{8FD72EF7-CF51-4C86-AD2F-2741BDE639DA}.Debug|x64.Build.0 = Debug|x64
		{8FD72EF7-CF51-4C86-AD2F-2741BDE639DA}.Debug|x86.ActiveCfg = Debug|Win32
		{8FD72EF7-CF51-4C86-AD2F-2741BDE639DA}.Debug|x86.Build.0 = Debug|Win32
		{8FD72EF7-CF51-4C86-AD2F-2741BDE639DA}.Release|x64.ActiveCfg = Release|x64
		{8FD72EF7-CF51-4C86-AD2F-2741BDE639DA}.Release|x64.Build.0 = Release|x64
		{8FD72EF7-CF51-4C86-AD2F-2741BDE639DA}.Release|x86.ActiveCfg = Release|Win32
		{8FD72EF7-CF51-4C86-AD2F-2741BDE639DA}.Release|x86.Build.0 = Release|Win32
	EndGlobalSection
	GlobalSection(SolutionProperties) = preSolution
		HideSolutionNode = FALSE
	EndGlobalSection
	GlobalSection(ExtensibilityGlobals) = postSolution
		SolutionGuid = {0EBC31AE-00BD-4E99-8320-E0B9D7B95266}
	EndGlobalSection
EndGlobal
